// !$*UTF8*$!
{
	archiveVersion = 1;
	classes = {
	};
	objectVersion = 50;
	objects = {

/* Begin PBXBuildFile section */
		29256A8E24ED7F43005E3469 /* AppDelegate.swift in Sources */ = {isa = PBXBuildFile; fileRef = 29256A8D24ED7F43005E3469 /* AppDelegate.swift */; };
		29256A9024ED7F43005E3469 /* SceneDelegate.swift in Sources */ = {isa = PBXBuildFile; fileRef = 29256A8F24ED7F43005E3469 /* SceneDelegate.swift */; };
		29256A9224ED7F43005E3469 /* ViewController.swift in Sources */ = {isa = PBXBuildFile; fileRef = 29256A9124ED7F43005E3469 /* ViewController.swift */; };
		29256A9524ED7F43005E3469 /* Main.storyboard in Resources */ = {isa = PBXBuildFile; fileRef = 29256A9324ED7F43005E3469 /* Main.storyboard */; };
		29256A9724ED7F47005E3469 /* Assets.xcassets in Resources */ = {isa = PBXBuildFile; fileRef = 29256A9624ED7F47005E3469 /* Assets.xcassets */; };
		29256A9A24ED7F47005E3469 /* LaunchScreen.storyboard in Resources */ = {isa = PBXBuildFile; fileRef = 29256A9824ED7F47005E3469 /* LaunchScreen.storyboard */; };
		29256AA524ED7F48005E3469 /* Tip_CalculatorTests.swift in Sources */ = {isa = PBXBuildFile; fileRef = 29256AA424ED7F48005E3469 /* Tip_CalculatorTests.swift */; };
		29256AB024ED7F48005E3469 /* Tip_CalculatorUITests.swift in Sources */ = {isa = PBXBuildFile; fileRef = 29256AAF24ED7F48005E3469 /* Tip_CalculatorUITests.swift */; };
/* End PBXBuildFile section */

/* Begin PBXContainerItemProxy section */
		29256AA124ED7F48005E3469 /* PBXContainerItemProxy */ = {
			isa = PBXContainerItemProxy;
			containerPortal = 29256A8224ED7F43005E3469 /* Project object */;
			proxyType = 1;
			remoteGlobalIDString = 29256A8924ED7F43005E3469;
			remoteInfo = "Tip Calculator";
		};
		29256AAC24ED7F48005E3469 /* PBXContainerItemProxy */ = {
			isa = PBXContainerItemProxy;
			containerPortal = 29256A8224ED7F43005E3469 /* Project object */;
			proxyType = 1;
			remoteGlobalIDString = 29256A8924ED7F43005E3469;
			remoteInfo = "Tip Calculator";
		};
/* End PBXContainerItemProxy section */

/* Begin PBXFileReference section */
		29256A8A24ED7F43005E3469 /* Tip Calculator.app */ = {isa = PBXFileReference; explicitFileType = wrapper.application; includeInIndex = 0; path = "Tip Calculator.app"; sourceTree = BUILT_PRODUCTS_DIR; };
		29256A8D24ED7F43005E3469 /* AppDelegate.swift */ = {isa = PBXFileReference; lastKnownFileType = sourcecode.swift; path = AppDelegate.swift; sourceTree = "<group>"; };
		29256A8F24ED7F43005E3469 /* SceneDelegate.swift */ = {isa = PBXFileReference; lastKnownFileType = sourcecode.swift; path = SceneDelegate.swift; sourceTree = "<group>"; };
		29256A9124ED7F43005E3469 /* ViewController.swift */ = {isa = PBXFileReference; lastKnownFileType = sourcecode.swift; path = ViewController.swift; sourceTree = "<group>"; };
		29256A9424ED7F43005E3469 /* Base */ = {isa = PBXFileReference; lastKnownFileType = file.storyboard; name = Base; path = Base.lproj/Main.storyboard; sourceTree = "<group>"; };
		29256A9624ED7F47005E3469 /* Assets.xcassets */ = {isa = PBXFileReference; lastKnownFileType = folder.assetcatalog; path = Assets.xcassets; sourceTree = "<group>"; };
		29256A9924ED7F47005E3469 /* Base */ = {isa = PBXFileReference; lastKnownFileType = file.storyboard; name = Base; path = Base.lproj/LaunchScreen.storyboard; sourceTree = "<group>"; };
		29256A9B24ED7F47005E3469 /* Info.plist */ = {isa = PBXFileReference; lastKnownFileType = text.plist.xml; path = Info.plist; sourceTree = "<group>"; };
		29256AA024ED7F48005E3469 /* Tip CalculatorTests.xctest */ = {isa = PBXFileReference; explicitFileType = wrapper.cfbundle; includeInIndex = 0; path = "Tip CalculatorTests.xctest"; sourceTree = BUILT_PRODUCTS_DIR; };
		29256AA424ED7F48005E3469 /* Tip_CalculatorTests.swift */ = {isa = PBXFileReference; lastKnownFileType = sourcecode.swift; path = Tip_CalculatorTests.swift; sourceTree = "<group>"; };
		29256AA624ED7F48005E3469 /* Info.plist */ = {isa = PBXFileReference; lastKnownFileType = text.plist.xml; path = Info.plist; sourceTree = "<group>"; };
		29256AAB24ED7F48005E3469 /* Tip CalculatorUITests.xctest */ = {isa = PBXFileReference; explicitFileType = wrapper.cfbundle; includeInIndex = 0; path = "Tip CalculatorUITests.xctest"; sourceTree = BUILT_PRODUCTS_DIR; };
		29256AAF24ED7F48005E3469 /* Tip_CalculatorUITests.swift */ = {isa = PBXFileReference; lastKnownFileType = sourcecode.swift; path = Tip_CalculatorUITests.swift; sourceTree = "<group>"; };
		29256AB124ED7F48005E3469 /* Info.plist */ = {isa = PBXFileReference; lastKnownFileType = text.plist.xml; path = Info.plist; sourceTree = "<group>"; };
/* End PBXFileReference section */

/* Begin PBXFrameworksBuildPhase section */
		29256A8724ED7F43005E3469 /* Frameworks */ = {
			isa = PBXFrameworksBuildPhase;
			buildActionMask = 2147483647;
			files = (
			);
			runOnlyForDeploymentPostprocessing = 0;
		};
		29256A9D24ED7F48005E3469 /* Frameworks */ = {
			isa = PBXFrameworksBuildPhase;
			buildActionMask = 2147483647;
			files = (
			);
			runOnlyForDeploymentPostprocessing = 0;
		};
		29256AA824ED7F48005E3469 /* Frameworks */ = {
			isa = PBXFrameworksBuildPhase;
			buildActionMask = 2147483647;
			files = (
			);
			runOnlyForDeploymentPostprocessing = 0;
		};
/* End PBXFrameworksBuildPhase section */

/* Begin PBXGroup section */
		29256A8124ED7F43005E3469 = {
			isa = PBXGroup;
			children = (
				29256A8C24ED7F43005E3469 /* Tip Calculator */,
				29256AA324ED7F48005E3469 /* Tip CalculatorTests */,
				29256AAE24ED7F48005E3469 /* Tip CalculatorUITests */,
				29256A8B24ED7F43005E3469 /* Products */,
			);
			sourceTree = "<group>";
		};
		29256A8B24ED7F43005E3469 /* Products */ = {
			isa = PBXGroup;
			children = (
				29256A8A24ED7F43005E3469 /* Tip Calculator.app */,
				29256AA024ED7F48005E3469 /* Tip CalculatorTests.xctest */,
				29256AAB24ED7F48005E3469 /* Tip CalculatorUITests.xctest */,
			);
			name = Products;
			sourceTree = "<group>";
		};
		29256A8C24ED7F43005E3469 /* Tip Calculator */ = {
			isa = PBXGroup;
			children = (
				29256A8D24ED7F43005E3469 /* AppDelegate.swift */,
				29256A8F24ED7F43005E3469 /* SceneDelegate.swift */,
				29256A9124ED7F43005E3469 /* ViewController.swift */,
				29256A9324ED7F43005E3469 /* Main.storyboard */,
				29256A9624ED7F47005E3469 /* Assets.xcassets */,
				29256A9824ED7F47005E3469 /* LaunchScreen.storyboard */,
				29256A9B24ED7F47005E3469 /* Info.plist */,
			);
			path = "Tip Calculator";
			sourceTree = "<group>";
		};
		29256AA324ED7F48005E3469 /* Tip CalculatorTests */ = {
			isa = PBXGroup;
			children = (
				29256AA424ED7F48005E3469 /* Tip_CalculatorTests.swift */,
				29256AA624ED7F48005E3469 /* Info.plist */,
			);
			path = "Tip CalculatorTests";
			sourceTree = "<group>";
		};
		29256AAE24ED7F48005E3469 /* Tip CalculatorUITests */ = {
			isa = PBXGroup;
			children = (
				29256AAF24ED7F48005E3469 /* Tip_CalculatorUITests.swift */,
				29256AB124ED7F48005E3469 /* Info.plist */,
			);
			path = "Tip CalculatorUITests";
			sourceTree = "<group>";
		};
/* End PBXGroup section */

/* Begin PBXNativeTarget section */
		29256A8924ED7F43005E3469 /* Tip Calculator */ = {
			isa = PBXNativeTarget;
			buildConfigurationList = 29256AB424ED7F48005E3469 /* Build configuration list for PBXNativeTarget "Tip Calculator" */;
			buildPhases = (
				29256A8624ED7F43005E3469 /* Sources */,
				29256A8724ED7F43005E3469 /* Frameworks */,
				29256A8824ED7F43005E3469 /* Resources */,
			);
			buildRules = (
			);
			dependencies = (
			);
			name = "Tip Calculator";
			productName = "Tip Calculator";
			productReference = 29256A8A24ED7F43005E3469 /* Tip Calculator.app */;
			productType = "com.apple.product-type.application";
		};
		29256A9F24ED7F48005E3469 /* Tip CalculatorTests */ = {
			isa = PBXNativeTarget;
			buildConfigurationList = 29256AB724ED7F48005E3469 /* Build configuration list for PBXNativeTarget "Tip CalculatorTests" */;
			buildPhases = (
				29256A9C24ED7F48005E3469 /* Sources */,
				29256A9D24ED7F48005E3469 /* Frameworks */,
				29256A9E24ED7F48005E3469 /* Resources */,
			);
			buildRules = (
			);
			dependencies = (
				29256AA224ED7F48005E3469 /* PBXTargetDependency */,
			);
			name = "Tip CalculatorTests";
			productName = "Tip CalculatorTests";
			productReference = 29256AA024ED7F48005E3469 /* Tip CalculatorTests.xctest */;
			productType = "com.apple.product-type.bundle.unit-test";
		};
		29256AAA24ED7F48005E3469 /* Tip CalculatorUITests */ = {
			isa = PBXNativeTarget;
			buildConfigurationList = 29256ABA24ED7F48005E3469 /* Build configuration list for PBXNativeTarget "Tip CalculatorUITests" */;
			buildPhases = (
				29256AA724ED7F48005E3469 /* Sources */,
				29256AA824ED7F48005E3469 /* Frameworks */,
				29256AA924ED7F48005E3469 /* Resources */,
			);
			buildRules = (
			);
			dependencies = (
				29256AAD24ED7F48005E3469 /* PBXTargetDependency */,
			);
			name = "Tip CalculatorUITests";
			productName = "Tip CalculatorUITests";
			productReference = 29256AAB24ED7F48005E3469 /* Tip CalculatorUITests.xctest */;
			productType = "com.apple.product-type.bundle.ui-testing";
		};
/* End PBXNativeTarget section */

/* Begin PBXProject section */
		29256A8224ED7F43005E3469 /* Project object */ = {
			isa = PBXProject;
			attributes = {
				LastSwiftUpdateCheck = 1150;
				LastUpgradeCheck = 1150;
				ORGANIZATIONNAME = Codepath;
				TargetAttributes = {
					29256A8924ED7F43005E3469 = {
						CreatedOnToolsVersion = 11.5;
					};
					29256A9F24ED7F48005E3469 = {
						CreatedOnToolsVersion = 11.5;
						TestTargetID = 29256A8924ED7F43005E3469;
					};
					29256AAA24ED7F48005E3469 = {
						CreatedOnToolsVersion = 11.5;
						TestTargetID = 29256A8924ED7F43005E3469;
					};
				};
			};
			buildConfigurationList = 29256A8524ED7F43005E3469 /* Build configuration list for PBXProject "Tip Calculator" */;
			compatibilityVersion = "Xcode 9.3";
			developmentRegion = en;
			hasScannedForEncodings = 0;
			knownRegions = (
				en,
				Base,
			);
			mainGroup = 29256A8124ED7F43005E3469;
			productRefGroup = 29256A8B24ED7F43005E3469 /* Products */;
			projectDirPath = "";
			projectRoot = "";
			targets = (
				29256A8924ED7F43005E3469 /* Tip Calculator */,
				29256A9F24ED7F48005E3469 /* Tip CalculatorTests */,
				29256AAA24ED7F48005E3469 /* Tip CalculatorUITests */,
			);
		};
/* End PBXProject section */

/* Begin PBXResourcesBuildPhase section */
		29256A8824ED7F43005E3469 /* Resources */ = {
			isa = PBXResourcesBuildPhase;
			buildActionMask = 2147483647;
			files = (
				29256A9A24ED7F47005E3469 /* LaunchScreen.storyboard in Resources */,
				29256A9724ED7F47005E3469 /* Assets.xcassets in Resources */,
				29256A9524ED7F43005E3469 /* Main.storyboard in Resources */,
			);
			runOnlyForDeploymentPostprocessing = 0;
		};
		29256A9E24ED7F48005E3469 /* Resources */ = {
			isa = PBXResourcesBuildPhase;
			buildActionMask = 2147483647;
			files = (
			);
			runOnlyForDeploymentPostprocessing = 0;
		};
		29256AA924ED7F48005E3469 /* Resources */ = {
			isa = PBXResourcesBuildPhase;
			buildActionMask = 2147483647;
			files = (
			);
			runOnlyForDeploymentPostprocessing = 0;
		};
/* End PBXResourcesBuildPhase section */

/* Begin PBXSourcesBuildPhase section */
		29256A8624ED7F43005E3469 /* Sources */ = {
			isa = PBXSourcesBuildPhase;
			buildActionMask = 2147483647;
			files = (
				29256A9224ED7F43005E3469 /* ViewController.swift in Sources */,
				29256A8E24ED7F43005E3469 /* AppDelegate.swift in Sources */,
				29256A9024ED7F43005E3469 /* SceneDelegate.swift in Sources */,
			);
			runOnlyForDeploymentPostprocessing = 0;
		};
		29256A9C24ED7F48005E3469 /* Sources */ = {
			isa = PBXSourcesBuildPhase;
			buildActionMask = 2147483647;
			files = (
				29256AA524ED7F48005E3469 /* Tip_CalculatorTests.swift in Sources */,
			);
			runOnlyForDeploymentPostprocessing = 0;
		};
		29256AA724ED7F48005E3469 /* Sources */ = {
			isa = PBXSourcesBuildPhase;
			buildActionMask = 2147483647;
			files = (
				29256AB024ED7F48005E3469 /* Tip_CalculatorUITests.swift in Sources */,
			);
			runOnlyForDeploymentPostprocessing = 0;
		};
/* End PBXSourcesBuildPhase section */

/* Begin PBXTargetDependency section */
		29256AA224ED7F48005E3469 /* PBXTargetDependency */ = {
			isa = PBXTargetDependency;
			target = 29256A8924ED7F43005E3469 /* Tip Calculator */;
			targetProxy = 29256AA124ED7F48005E3469 /* PBXContainerItemProxy */;
		};
		29256AAD24ED7F48005E3469 /* PBXTargetDependency */ = {
			isa = PBXTargetDependency;
			target = 29256A8924ED7F43005E3469 /* Tip Calculator */;
			targetProxy = 29256AAC24ED7F48005E3469 /* PBXContainerItemProxy */;
		};
/* End PBXTargetDependency section */

/* Begin PBXVariantGroup section */
		29256A9324ED7F43005E3469 /* Main.storyboard */ = {
			isa = PBXVariantGroup;
			children = (
				29256A9424ED7F43005E3469 /* Base */,
			);
			name = Main.storyboard;
			sourceTree = "<group>";
		};
		29256A9824ED7F47005E3469 /* LaunchScreen.storyboard */ = {
			isa = PBXVariantGroup;
			children = (
				29256A9924ED7F47005E3469 /* Base */,
			);
			name = LaunchScreen.storyboard;
			sourceTree = "<group>";
		};
/* End PBXVariantGroup section */

/* Begin XCBuildConfiguration section */
		29256AB224ED7F48005E3469 /* Debug */ = {
			isa = XCBuildConfiguration;
			buildSettings = {
				ALWAYS_SEARCH_USER_PATHS = NO;
				CLANG_ANALYZER_NONNULL = YES;
				CLANG_ANALYZER_NUMBER_OBJECT_CONVERSION = YES_AGGRESSIVE;
				CLANG_CXX_LANGUAGE_STANDARD = "gnu++14";
				CLANG_CXX_LIBRARY = "libc++";
				CLANG_ENABLE_MODULES = YES;
				CLANG_ENABLE_OBJC_ARC = YES;
				CLANG_ENABLE_OBJC_WEAK = YES;
				CLANG_WARN_BLOCK_CAPTURE_AUTORELEASING = YES;
				CLANG_WARN_BOOL_CONVERSION = YES;
				CLANG_WARN_COMMA = YES;
				CLANG_WARN_CONSTANT_CONVERSION = YES;
				CLANG_WARN_DEPRECATED_OBJC_IMPLEMENTATIONS = YES;
				CLANG_WARN_DIRECT_OBJC_ISA_USAGE = YES_ERROR;
				CLANG_WARN_DOCUMENTATION_COMMENTS = YES;
				CLANG_WARN_EMPTY_BODY = YES;
				CLANG_WARN_ENUM_CONVERSION = YES;
				CLANG_WARN_INFINITE_RECURSION = YES;
				CLANG_WARN_INT_CONVERSION = YES;
				CLANG_WARN_NON_LITERAL_NULL_CONVERSION = YES;
				CLANG_WARN_OBJC_IMPLICIT_RETAIN_SELF = YES;
				CLANG_WARN_OBJC_LITERAL_CONVERSION = YES;
				CLANG_WARN_OBJC_ROOT_CLASS = YES_ERROR;
				CLANG_WARN_RANGE_LOOP_ANALYSIS = YES;
				CLANG_WARN_STRICT_PROTOTYPES = YES;
				CLANG_WARN_SUSPICIOUS_MOVE = YES;
				CLANG_WARN_UNGUARDED_AVAILABILITY = YES_AGGRESSIVE;
				CLANG_WARN_UNREACHABLE_CODE = YES;
				CLANG_WARN__DUPLICATE_METHOD_MATCH = YES;
				COPY_PHASE_STRIP = NO;
				DEBUG_INFORMATION_FORMAT = dwarf;
				ENABLE_STRICT_OBJC_MSGSEND = YES;
				ENABLE_TESTABILITY = YES;
				GCC_C_LANGUAGE_STANDARD = gnu11;
				GCC_DYNAMIC_NO_PIC = NO;
				GCC_NO_COMMON_BLOCKS = YES;
				GCC_OPTIMIZATION_LEVEL = 0;
				GCC_PREPROCESSOR_DEFINITIONS = (
					"DEBUG=1",
					"$(inherited)",
				);
				GCC_WARN_64_TO_32_BIT_CONVERSION = YES;
				GCC_WARN_ABOUT_RETURN_TYPE = YES_ERROR;
				GCC_WARN_UNDECLARED_SELECTOR = YES;
				GCC_WARN_UNINITIALIZED_AUTOS = YES_AGGRESSIVE;
				GCC_WARN_UNUSED_FUNCTION = YES;
				GCC_WARN_UNUSED_VARIABLE = YES;
				IPHONEOS_DEPLOYMENT_TARGET = 13.5;
				MTL_ENABLE_DEBUG_INFO = INCLUDE_SOURCE;
				MTL_FAST_MATH = YES;
				ONLY_ACTIVE_ARCH = YES;
				SDKROOT = iphoneos;
				SWIFT_ACTIVE_COMPILATION_CONDITIONS = DEBUG;
				SWIFT_OPTIMIZATION_LEVEL = "-Onone";
			};
			name = Debug;
		};
		29256AB324ED7F48005E3469 /* Release */ = {
			isa = XCBuildConfiguration;
			buildSettings = {
				ALWAYS_SEARCH_USER_PATHS = NO;
				CLANG_ANALYZER_NONNULL = YES;
				CLANG_ANALYZER_NUMBER_OBJECT_CONVERSION = YES_AGGRESSIVE;
				CLANG_CXX_LANGUAGE_STANDARD = "gnu++14";
				CLANG_CXX_LIBRARY = "libc++";
				CLANG_ENABLE_MODULES = YES;
				CLANG_ENABLE_OBJC_ARC = YES;
				CLANG_ENABLE_OBJC_WEAK = YES;
				CLANG_WARN_BLOCK_CAPTURE_AUTORELEASING = YES;
				CLANG_WARN_BOOL_CONVERSION = YES;
				CLANG_WARN_COMMA = YES;
				CLANG_WARN_CONSTANT_CONVERSION = YES;
				CLANG_WARN_DEPRECATED_OBJC_IMPLEMENTATIONS = YES;
				CLANG_WARN_DIRECT_OBJC_ISA_USAGE = YES_ERROR;
				CLANG_WARN_DOCUMENTATION_COMMENTS = YES;
				CLANG_WARN_EMPTY_BODY = YES;
				CLANG_WARN_ENUM_CONVERSION = YES;
				CLANG_WARN_INFINITE_RECURSION = YES;
				CLANG_WARN_INT_CONVERSION = YES;
				CLANG_WARN_NON_LITERAL_NULL_CONVERSION = YES;
				CLANG_WARN_OBJC_IMPLICIT_RETAIN_SELF = YES;
				CLANG_WARN_OBJC_LITERAL_CONVERSION = YES;
				CLANG_WARN_OBJC_ROOT_CLASS = YES_ERROR;
				CLANG_WARN_RANGE_LOOP_ANALYSIS = YES;
				CLANG_WARN_STRICT_PROTOTYPES = YES;
				CLANG_WARN_SUSPICIOUS_MOVE = YES;
				CLANG_WARN_UNGUARDED_AVAILABILITY = YES_AGGRESSIVE;
				CLANG_WARN_UNREACHABLE_CODE = YES;
				CLANG_WARN__DUPLICATE_METHOD_MATCH = YES;
				COPY_PHASE_STRIP = NO;
				DEBUG_INFORMATION_FORMAT = "dwarf-with-dsym";
				ENABLE_NS_ASSERTIONS = NO;
				ENABLE_STRICT_OBJC_MSGSEND = YES;
				GCC_C_LANGUAGE_STANDARD = gnu11;
				GCC_NO_COMMON_BLOCKS = YES;
				GCC_WARN_64_TO_32_BIT_CONVERSION = YES;
				GCC_WARN_ABOUT_RETURN_TYPE = YES_ERROR;
				GCC_WARN_UNDECLARED_SELECTOR = YES;
				GCC_WARN_UNINITIALIZED_AUTOS = YES_AGGRESSIVE;
				GCC_WARN_UNUSED_FUNCTION = YES;
				GCC_WARN_UNUSED_VARIABLE = YES;
				IPHONEOS_DEPLOYMENT_TARGET = 13.5;
				MTL_ENABLE_DEBUG_INFO = NO;
				MTL_FAST_MATH = YES;
				SDKROOT = iphoneos;
				SWIFT_COMPILATION_MODE = wholemodule;
				SWIFT_OPTIMIZATION_LEVEL = "-O";
				VALIDATE_PRODUCT = YES;
			};
			name = Release;
		};
		29256AB524ED7F48005E3469 /* Debug */ = {
			isa = XCBuildConfiguration;
			buildSettings = {
				ASSETCATALOG_COMPILER_APPICON_NAME = AppIcon;
				CODE_SIGN_STYLE = Automatic;
				INFOPLIST_FILE = "Tip Calculator/Info.plist";
				LD_RUNPATH_SEARCH_PATHS = (
					"$(inherited)",
					"@executable_path/Frameworks",
				);
				PRODUCT_BUNDLE_IDENTIFIER = "Codepath.Tip-Calculator";
				PRODUCT_NAME = "$(TARGET_NAME)";
				SWIFT_VERSION = 5.0;
				TARGETED_DEVICE_FAMILY = "1,2";
			};
			name = Debug;
		};
		29256AB624ED7F48005E3469 /* Release */ = {
			isa = XCBuildConfiguration;
			buildSettings = {
				ASSETCATALOG_COMPILER_APPICON_NAME = AppIcon;
				CODE_SIGN_STYLE = Automatic;
				INFOPLIST_FILE = "Tip Calculator/Info.plist";
				LD_RUNPATH_SEARCH_PATHS = (
					"$(inherited)",
					"@executable_path/Frameworks",
				);
				PRODUCT_BUNDLE_IDENTIFIER = "Codepath.Tip-Calculator";
				PRODUCT_NAME = "$(TARGET_NAME)";
				SWIFT_VERSION = 5.0;
				TARGETED_DEVICE_FAMILY = "1,2";
			};
			name = Release;
		};
		29256AB824ED7F48005E3469 /* Debug */ = {
			isa = XCBuildConfiguration;
			buildSettings = {
				ALWAYS_EMBED_SWIFT_STANDARD_LIBRARIES = YES;
				BUNDLE_LOADER = "$(TEST_HOST)";
				CODE_SIGN_STYLE = Automatic;
				INFOPLIST_FILE = "Tip CalculatorTests/Info.plist";
				IPHONEOS_DEPLOYMENT_TARGET = 13.5;
				LD_RUNPATH_SEARCH_PATHS = (
					"$(inherited)",
					"@executable_path/Frameworks",
					"@loader_path/Frameworks",
				);
				PRODUCT_BUNDLE_IDENTIFIER = "Codepath.Tip-CalculatorTests";
				PRODUCT_NAME = "$(TARGET_NAME)";
				SWIFT_VERSION = 5.0;
				TARGETED_DEVICE_FAMILY = "1,2";
				TEST_HOST = "$(BUILT_PRODUCTS_DIR)/Tip Calculator.app/Tip Calculator";
			};
			name = Debug;
		};
		29256AB924ED7F48005E3469 /* Release */ = {
			isa = XCBuildConfiguration;
			buildSettings = {
				ALWAYS_EMBED_SWIFT_STANDARD_LIBRARIES = YES;
				BUNDLE_LOADER = "$(TEST_HOST)";
				CODE_SIGN_STYLE = Automatic;
				INFOPLIST_FILE = "Tip CalculatorTests/Info.plist";
				IPHONEOS_DEPLOYMENT_TARGET = 13.5;
				LD_RUNPATH_SEARCH_PATHS = (
					"$(inherited)",
					"@executable_path/Frameworks",
					"@loader_path/Frameworks",
				);
				PRODUCT_BUNDLE_IDENTIFIER = "Codepath.Tip-CalculatorTests";
				PRODUCT_NAME = "$(TARGET_NAME)";
				SWIFT_VERSION = 5.0;
				TARGETED_DEVICE_FAMILY = "1,2";
				TEST_HOST = "$(BUILT_PRODUCTS_DIR)/Tip Calculator.app/Tip Calculator";
			};
			name = Release;
		};
		29256ABB24ED7F48005E3469 /* Debug */ = {
			isa = XCBuildConfiguration;
			buildSettings = {
				ALWAYS_EMBED_SWIFT_STANDARD_LIBRARIES = YES;
				CODE_SIGN_STYLE = Automatic;
				INFOPLIST_FILE = "Tip CalculatorUITests/Info.plist";
				LD_RUNPATH_SEARCH_PATHS = (
					"$(inherited)",
					"@executable_path/Frameworks",
					"@loader_path/Frameworks",
				);
				PRODUCT_BUNDLE_IDENTIFIER = "Codepath.Tip-CalculatorUITests";
				PRODUCT_NAME = "$(TARGET_NAME)";
				SWIFT_VERSION = 5.0;
				TARGETED_DEVICE_FAMILY = "1,2";
				TEST_TARGET_NAME = "Tip Calculator";
			};
			name = Debug;
		};
		29256ABC24ED7F48005E3469 /* Release */ = {
			isa = XCBuildConfiguration;
			buildSettings = {
				ALWAYS_EMBED_SWIFT_STANDARD_LIBRARIES = YES;
				CODE_SIGN_STYLE = Automatic;
				INFOPLIST_FILE = "Tip CalculatorUITests/Info.plist";
				LD_RUNPATH_SEARCH_PATHS = (
					"$(inherited)",
					"@executable_path/Frameworks",
					"@loader_path/Frameworks",
				);
				PRODUCT_BUNDLE_IDENTIFIER = "Codepath.Tip-CalculatorUITests";
				PRODUCT_NAME = "$(TARGET_NAME)";
				SWIFT_VERSION = 5.0;
				TARGETED_DEVICE_FAMILY = "1,2";
				TEST_TARGET_NAME = "Tip Calculator";
			};
			name = Release;
		};
/* End XCBuildConfiguration section */

/* Begin XCConfigurationList section */
		29256A8524ED7F43005E3469 /* Build configuration list for PBXProject "Tip Calculator" */ = {
			isa = XCConfigurationList;
			buildConfigurations = (
				29256AB224ED7F48005E3469 /* Debug */,
				29256AB324ED7F48005E3469 /* Release */,
			);
			defaultConfigurationIsVisible = 0;
			defaultConfigurationName = Release;
		};
		29256AB424ED7F48005E3469 /* Build configuration list for PBXNativeTarget "Tip Calculator" */ = {
			isa = XCConfigurationList;
			buildConfigurations = (
				29256AB524ED7F48005E3469 /* Debug */,
				29256AB624ED7F48005E3469 /* Release */,
			);
			defaultConfigurationIsVisible = 0;
			defaultConfigurationName = Release;
		};
		29256AB724ED7F48005E3469 /* Build configuration list for PBXNativeTarget "Tip CalculatorTests" */ = {
			isa = XCConfigurationList;
			buildConfigurations = (
				29256AB824ED7F48005E3469 /* Debug */,
				29256AB924ED7F48005E3469 /* Release */,
			);
			defaultConfigurationIsVisible = 0;
			defaultConfigurationName = Release;
		};
		29256ABA24ED7F48005E3469 /* Build configuration list for PBXNativeTarget "Tip CalculatorUITests" */ = {
			isa = XCConfigurationList;
			buildConfigurations = (
				29256ABB24ED7F48005E3469 /* Debug */,
				29256ABC24ED7F48005E3469 /* Release */,
			);
			defaultConfigurationIsVisible = 0;
			defaultConfigurationName = Release;
		};
/* End XCConfigurationList section */
	};
	rootObject = 29256A8224ED7F43005E3469 /* Project object */;
}
